// !$*UTF8*$!
{
	archiveVersion = 1;
	classes = {
	};
	objectVersion = 50;
	objects = {

/* Begin PBXBuildFile section */
		8B64A13B256539E000B03442 /* AppDelegate.swift in Sources */ = {isa = PBXBuildFile; fileRef = 8B64A13A256539E000B03442 /* AppDelegate.swift */; };
		8B64A13D256539E000B03442 /* SceneDelegate.swift in Sources */ = {isa = PBXBuildFile; fileRef = 8B64A13C256539E000B03442 /* SceneDelegate.swift */; };
		8B64A13F256539E000B03442 /* ViewController.swift in Sources */ = {isa = PBXBuildFile; fileRef = 8B64A13E256539E000B03442 /* ViewController.swift */; };
		8B64A142256539E000B03442 /* Main.storyboard in Resources */ = {isa = PBXBuildFile; fileRef = 8B64A140256539E000B03442 /* Main.storyboard */; };
		8B64A144256539E100B03442 /* Assets.xcassets in Resources */ = {isa = PBXBuildFile; fileRef = 8B64A143256539E100B03442 /* Assets.xcassets */; };
		8B64A147256539E100B03442 /* LaunchScreen.storyboard in Resources */ = {isa = PBXBuildFile; fileRef = 8B64A145256539E100B03442 /* LaunchScreen.storyboard */; };
		8B64A1622567CB9000B03442 /* ProfileViewController.swift in Sources */ = {isa = PBXBuildFile; fileRef = 8B64A1612567CB9000B03442 /* ProfileViewController.swift */; };
		8B64A1652567D08A00B03442 /* ExtendedUIImage.swift in Sources */ = {isa = PBXBuildFile; fileRef = 8B64A1642567D08A00B03442 /* ExtendedUIImage.swift */; };
		8B64A1682567DC5B00B03442 /* FacebookAPIRepository.swift in Sources */ = {isa = PBXBuildFile; fileRef = 8B64A1672567DC5B00B03442 /* FacebookAPIRepository.swift */; };
		8B64A16B2567ED4100B03442 /* User.swift in Sources */ = {isa = PBXBuildFile; fileRef = 8B64A16A2567ED4100B03442 /* User.swift */; };
		8B64A16E2567F17A00B03442 /* Picture.swift in Sources */ = {isa = PBXBuildFile; fileRef = 8B64A16C2567F17A00B03442 /* Picture.swift */; };
		8B64A16F2567F17A00B03442 /* ImageData.swift in Sources */ = {isa = PBXBuildFile; fileRef = 8B64A16D2567F17A00B03442 /* ImageData.swift */; };
		8BBE9EE0256BD7810053E243 /* FBSDKLoginKit.framework in Frameworks */ = {isa = PBXBuildFile; fileRef = 8B64A1532565793300B03442 /* FBSDKLoginKit.framework */; };
		8BBE9EE1256BD7810053E243 /* FBSDKLoginKit.framework in Embed Frameworks */ = {isa = PBXBuildFile; fileRef = 8B64A1532565793300B03442 /* FBSDKLoginKit.framework */; settings = {ATTRIBUTES = (CodeSignOnCopy, RemoveHeadersOnCopy, ); }; };
		8BBE9EE2256BD7810053E243 /* FBSDKCoreKit.framework in Frameworks */ = {isa = PBXBuildFile; fileRef = 8B64A1542565793300B03442 /* FBSDKCoreKit.framework */; };
		8BBE9EE3256BD7810053E243 /* FBSDKCoreKit.framework in Embed Frameworks */ = {isa = PBXBuildFile; fileRef = 8B64A1542565793300B03442 /* FBSDKCoreKit.framework */; settings = {ATTRIBUTES = (CodeSignOnCopy, RemoveHeadersOnCopy, ); }; };
		8BBE9EE7256BE6650053E243 /* Utility.swift in Sources */ = {isa = PBXBuildFile; fileRef = 8BBE9EE6256BE6650053E243 /* Utility.swift */; };
/* End PBXBuildFile section */

/* Begin PBXCopyFilesBuildPhase section */
		8BBE9EE4256BD7810053E243 /* Embed Frameworks */ = {
			isa = PBXCopyFilesBuildPhase;
			buildActionMask = 2147483647;
			dstPath = "";
			dstSubfolderSpec = 10;
			files = (
				8BBE9EE1256BD7810053E243 /* FBSDKLoginKit.framework in Embed Frameworks */,
				8BBE9EE3256BD7810053E243 /* FBSDKCoreKit.framework in Embed Frameworks */,
			);
			name = "Embed Frameworks";
			runOnlyForDeploymentPostprocessing = 0;
		};
/* End PBXCopyFilesBuildPhase section */

/* Begin PBXFileReference section */
		8B64A137256539E000B03442 /* FacebookExplorer.app */ = {isa = PBXFileReference; explicitFileType = wrapper.application; includeInIndex = 0; path = FacebookExplorer.app; sourceTree = BUILT_PRODUCTS_DIR; };
		8B64A13A256539E000B03442 /* AppDelegate.swift */ = {isa = PBXFileReference; lastKnownFileType = sourcecode.swift; path = AppDelegate.swift; sourceTree = "<group>"; };
		8B64A13C256539E000B03442 /* SceneDelegate.swift */ = {isa = PBXFileReference; lastKnownFileType = sourcecode.swift; path = SceneDelegate.swift; sourceTree = "<group>"; };
		8B64A13E256539E000B03442 /* ViewController.swift */ = {isa = PBXFileReference; lastKnownFileType = sourcecode.swift; path = ViewController.swift; sourceTree = "<group>"; };
		8B64A141256539E000B03442 /* Base */ = {isa = PBXFileReference; lastKnownFileType = file.storyboard; name = Base; path = Base.lproj/Main.storyboard; sourceTree = "<group>"; };
		8B64A143256539E100B03442 /* Assets.xcassets */ = {isa = PBXFileReference; lastKnownFileType = folder.assetcatalog; path = Assets.xcassets; sourceTree = "<group>"; };
		8B64A146256539E100B03442 /* Base */ = {isa = PBXFileReference; lastKnownFileType = file.storyboard; name = Base; path = Base.lproj/LaunchScreen.storyboard; sourceTree = "<group>"; };
		8B64A148256539E100B03442 /* Info.plist */ = {isa = PBXFileReference; lastKnownFileType = text.plist.xml; path = Info.plist; sourceTree = "<group>"; };
		8B64A1532565793300B03442 /* FBSDKLoginKit.framework */ = {isa = PBXFileReference; lastKnownFileType = wrapper.framework; name = FBSDKLoginKit.framework; path = Carthage/Build/iOS/FBSDKLoginKit.framework; sourceTree = "<group>"; };
		8B64A1542565793300B03442 /* FBSDKCoreKit.framework */ = {isa = PBXFileReference; lastKnownFileType = wrapper.framework; name = FBSDKCoreKit.framework; path = Carthage/Build/iOS/FBSDKCoreKit.framework; sourceTree = "<group>"; };
		8B64A1552565793300B03442 /* FBSDKShareKit.framework */ = {isa = PBXFileReference; lastKnownFileType = wrapper.framework; name = FBSDKShareKit.framework; path = Carthage/Build/iOS/FBSDKShareKit.framework; sourceTree = "<group>"; };
		8B64A1562565793300B03442 /* FBSDKGamingServicesKit.framework */ = {isa = PBXFileReference; lastKnownFileType = wrapper.framework; name = FBSDKGamingServicesKit.framework; path = Carthage/Build/iOS/FBSDKGamingServicesKit.framework; sourceTree = "<group>"; };
		8B64A1612567CB9000B03442 /* ProfileViewController.swift */ = {isa = PBXFileReference; lastKnownFileType = sourcecode.swift; path = ProfileViewController.swift; sourceTree = "<group>"; };
		8B64A1642567D08A00B03442 /* ExtendedUIImage.swift */ = {isa = PBXFileReference; lastKnownFileType = sourcecode.swift; path = ExtendedUIImage.swift; sourceTree = "<group>"; };
		8B64A1672567DC5B00B03442 /* FacebookAPIRepository.swift */ = {isa = PBXFileReference; lastKnownFileType = sourcecode.swift; path = FacebookAPIRepository.swift; sourceTree = "<group>"; };
		8B64A16A2567ED4100B03442 /* User.swift */ = {isa = PBXFileReference; lastKnownFileType = sourcecode.swift; path = User.swift; sourceTree = "<group>"; };
		8B64A16C2567F17A00B03442 /* Picture.swift */ = {isa = PBXFileReference; fileEncoding = 4; lastKnownFileType = sourcecode.swift; name = Picture.swift; path = ../../../../Downloads/codegen_5fb7b9a2d5e76/Picture.swift; sourceTree = "<group>"; };
		8B64A16D2567F17A00B03442 /* ImageData.swift */ = {isa = PBXFileReference; fileEncoding = 4; lastKnownFileType = sourcecode.swift; name = ImageData.swift; path = ../../../../Downloads/codegen_5fb7b9a2d5e76/ImageData.swift; sourceTree = "<group>"; };
		8BBE9EE6256BE6650053E243 /* Utility.swift */ = {isa = PBXFileReference; lastKnownFileType = sourcecode.swift; path = Utility.swift; sourceTree = "<group>"; };
/* End PBXFileReference section */

/* Begin PBXFrameworksBuildPhase section */
		8B64A134256539E000B03442 /* Frameworks */ = {
			isa = PBXFrameworksBuildPhase;
			buildActionMask = 2147483647;
			files = (
				8BBE9EE0256BD7810053E243 /* FBSDKLoginKit.framework in Frameworks */,
				8BBE9EE2256BD7810053E243 /* FBSDKCoreKit.framework in Frameworks */,
			);
			runOnlyForDeploymentPostprocessing = 0;
		};
/* End PBXFrameworksBuildPhase section */

/* Begin PBXGroup section */
		8B64A12E256539E000B03442 = {
			isa = PBXGroup;
			children = (
				8B64A139256539E000B03442 /* FacebookExplorer */,
				8B64A138256539E000B03442 /* Products */,
				8B64A1522565793300B03442 /* Frameworks */,
			);
			sourceTree = "<group>";
		};
		8B64A138256539E000B03442 /* Products */ = {
			isa = PBXGroup;
			children = (
				8B64A137256539E000B03442 /* FacebookExplorer.app */,
			);
			name = Products;
			sourceTree = "<group>";
		};
		8B64A139256539E000B03442 /* FacebookExplorer */ = {
			isa = PBXGroup;
			children = (
				8BBE9EE5256BE6540053E243 /* Utility */,
				8B64A1692567ECE700B03442 /* Model */,
				8B64A1662567DC3E00B03442 /* Repository */,
				8B64A1632567D04600B03442 /* ExtendedUI */,
				8B64A13A256539E000B03442 /* AppDelegate.swift */,
				8B64A13C256539E000B03442 /* SceneDelegate.swift */,
				8B64A13E256539E000B03442 /* ViewController.swift */,
				8B64A140256539E000B03442 /* Main.storyboard */,
				8B64A143256539E100B03442 /* Assets.xcassets */,
				8B64A145256539E100B03442 /* LaunchScreen.storyboard */,
				8B64A148256539E100B03442 /* Info.plist */,
				8B64A1612567CB9000B03442 /* ProfileViewController.swift */,
			);
			path = FacebookExplorer;
			sourceTree = "<group>";
		};
		8B64A1522565793300B03442 /* Frameworks */ = {
			isa = PBXGroup;
			children = (
				8B64A1542565793300B03442 /* FBSDKCoreKit.framework */,
				8B64A1562565793300B03442 /* FBSDKGamingServicesKit.framework */,
				8B64A1532565793300B03442 /* FBSDKLoginKit.framework */,
				8B64A1552565793300B03442 /* FBSDKShareKit.framework */,
			);
			name = Frameworks;
			sourceTree = "<group>";
		};
		8B64A1632567D04600B03442 /* ExtendedUI */ = {
			isa = PBXGroup;
			children = (
				8B64A1642567D08A00B03442 /* ExtendedUIImage.swift */,
			);
			path = ExtendedUI;
			sourceTree = "<group>";
		};
		8B64A1662567DC3E00B03442 /* Repository */ = {
			isa = PBXGroup;
			children = (
				8B64A1672567DC5B00B03442 /* FacebookAPIRepository.swift */,
			);
			path = Repository;
			sourceTree = "<group>";
		};
		8B64A1692567ECE700B03442 /* Model */ = {
			isa = PBXGroup;
			children = (
				8B64A16D2567F17A00B03442 /* ImageData.swift */,
				8B64A16C2567F17A00B03442 /* Picture.swift */,
				8B64A16A2567ED4100B03442 /* User.swift */,
			);
			path = Model;
			sourceTree = "<group>";
		};
		8BBE9EE5256BE6540053E243 /* Utility */ = {
			isa = PBXGroup;
			children = (
				8BBE9EE6256BE6650053E243 /* Utility.swift */,
			);
			path = Utility;
			sourceTree = "<group>";
		};
/* End PBXGroup section */

/* Begin PBXNativeTarget section */
		8B64A136256539E000B03442 /* FacebookExplorer */ = {
			isa = PBXNativeTarget;
			buildConfigurationList = 8B64A14B256539E100B03442 /* Build configuration list for PBXNativeTarget "FacebookExplorer" */;
			buildPhases = (
				8B64A133256539E000B03442 /* Sources */,
				8B64A134256539E000B03442 /* Frameworks */,
				8B64A135256539E000B03442 /* Resources */,
				8BBE9EDD256BD1070053E243 /* ShellScript */,
				8BBE9EE4256BD7810053E243 /* Embed Frameworks */,
			);
			buildRules = (
			);
			dependencies = (
			);
			name = FacebookExplorer;
			productName = FacebookExplorer;
			productReference = 8B64A137256539E000B03442 /* FacebookExplorer.app */;
			productType = "com.apple.product-type.application";
		};
/* End PBXNativeTarget section */

/* Begin PBXProject section */
		8B64A12F256539E000B03442 /* Project object */ = {
			isa = PBXProject;
			attributes = {
				LastSwiftUpdateCheck = 1220;
				LastUpgradeCheck = 1220;
				TargetAttributes = {
					8B64A136256539E000B03442 = {
						CreatedOnToolsVersion = 12.2;
					};
				};
			};
			buildConfigurationList = 8B64A132256539E000B03442 /* Build configuration list for PBXProject "FacebookExplorer" */;
			compatibilityVersion = "Xcode 9.3";
			developmentRegion = en;
			hasScannedForEncodings = 0;
			knownRegions = (
				en,
				Base,
			);
			mainGroup = 8B64A12E256539E000B03442;
			productRefGroup = 8B64A138256539E000B03442 /* Products */;
			projectDirPath = "";
			projectRoot = "";
			targets = (
				8B64A136256539E000B03442 /* FacebookExplorer */,
			);
		};
/* End PBXProject section */

/* Begin PBXResourcesBuildPhase section */
		8B64A135256539E000B03442 /* Resources */ = {
			isa = PBXResourcesBuildPhase;
			buildActionMask = 2147483647;
			files = (
				8B64A147256539E100B03442 /* LaunchScreen.storyboard in Resources */,
				8B64A144256539E100B03442 /* Assets.xcassets in Resources */,
				8B64A142256539E000B03442 /* Main.storyboard in Resources */,
			);
			runOnlyForDeploymentPostprocessing = 0;
		};
/* End PBXResourcesBuildPhase section */

/* Begin PBXShellScriptBuildPhase section */
		8BBE9EDD256BD1070053E243 /* ShellScript */ = {
			isa = PBXShellScriptBuildPhase;
			buildActionMask = 2147483647;
			files = (
			);
			inputFileListPaths = (
			);
			inputPaths = (
				"$(SRCROOT)/Carthage/build/iOS/FBSDKCoreKit.framework",
				"$(SRCROOT)/Carthage/build/iOS/FBSDKLoginKit.framework",
			);
			outputFileListPaths = (
			);
			outputPaths = (
			);
			runOnlyForDeploymentPostprocessing = 0;
			shellPath = /bin/sh;
			shellScript = "/usr/local/bin/carthage copy-frameworks\n";
		};
/* End PBXShellScriptBuildPhase section */

/* Begin PBXSourcesBuildPhase section */
		8B64A133256539E000B03442 /* Sources */ = {
			isa = PBXSourcesBuildPhase;
			buildActionMask = 2147483647;
			files = (
				8BBE9EE7256BE6650053E243 /* Utility.swift in Sources */,
				8B64A1682567DC5B00B03442 /* FacebookAPIRepository.swift in Sources */,
				8B64A13F256539E000B03442 /* ViewController.swift in Sources */,
				8B64A13B256539E000B03442 /* AppDelegate.swift in Sources */,
				8B64A1622567CB9000B03442 /* ProfileViewController.swift in Sources */,
				8B64A16E2567F17A00B03442 /* Picture.swift in Sources */,
				8B64A1652567D08A00B03442 /* ExtendedUIImage.swift in Sources */,
				8B64A13D256539E000B03442 /* SceneDelegate.swift in Sources */,
				8B64A16F2567F17A00B03442 /* ImageData.swift in Sources */,
				8B64A16B2567ED4100B03442 /* User.swift in Sources */,
			);
			runOnlyForDeploymentPostprocessing = 0;
		};
/* End PBXSourcesBuildPhase section */

/* Begin PBXVariantGroup section */
		8B64A140256539E000B03442 /* Main.storyboard */ = {
			isa = PBXVariantGroup;
			children = (
				8B64A141256539E000B03442 /* Base */,
			);
			name = Main.storyboard;
			sourceTree = "<group>";
		};
		8B64A145256539E100B03442 /* LaunchScreen.storyboard */ = {
			isa = PBXVariantGroup;
			children = (
				8B64A146256539E100B03442 /* Base */,
			);
			name = LaunchScreen.storyboard;
			sourceTree = "<group>";
		};
/* End PBXVariantGroup section */

/* Begin XCBuildConfiguration section */
		8B64A149256539E100B03442 /* Debug */ = {
			isa = XCBuildConfiguration;
			buildSettings = {
				ALWAYS_SEARCH_USER_PATHS = NO;
				CLANG_ANALYZER_NONNULL = YES;
				CLANG_ANALYZER_NUMBER_OBJECT_CONVERSION = YES_AGGRESSIVE;
				CLANG_CXX_LANGUAGE_STANDARD = "gnu++14";
				CLANG_CXX_LIBRARY = "libc++";
				CLANG_ENABLE_MODULES = YES;
				CLANG_ENABLE_OBJC_ARC = YES;
				CLANG_ENABLE_OBJC_WEAK = YES;
				CLANG_WARN_BLOCK_CAPTURE_AUTORELEASING = YES;
				CLANG_WARN_BOOL_CONVERSION = YES;
				CLANG_WARN_COMMA = YES;
				CLANG_WARN_CONSTANT_CONVERSION = YES;
				CLANG_WARN_DEPRECATED_OBJC_IMPLEMENTATIONS = YES;
				CLANG_WARN_DIRECT_OBJC_ISA_USAGE = YES_ERROR;
				CLANG_WARN_DOCUMENTATION_COMMENTS = YES;
				CLANG_WARN_EMPTY_BODY = YES;
				CLANG_WARN_ENUM_CONVERSION = YES;
				CLANG_WARN_INFINITE_RECURSION = YES;
				CLANG_WARN_INT_CONVERSION = YES;
				CLANG_WARN_NON_LITERAL_NULL_CONVERSION = YES;
				CLANG_WARN_OBJC_IMPLICIT_RETAIN_SELF = YES;
				CLANG_WARN_OBJC_LITERAL_CONVERSION = YES;
				CLANG_WARN_OBJC_ROOT_CLASS = YES_ERROR;
				CLANG_WARN_QUOTED_INCLUDE_IN_FRAMEWORK_HEADER = YES;
				CLANG_WARN_RANGE_LOOP_ANALYSIS = YES;
				CLANG_WARN_STRICT_PROTOTYPES = YES;
				CLANG_WARN_SUSPICIOUS_MOVE = YES;
				CLANG_WARN_UNGUARDED_AVAILABILITY = YES_AGGRESSIVE;
				CLANG_WARN_UNREACHABLE_CODE = YES;
				CLANG_WARN__DUPLICATE_METHOD_MATCH = YES;
				COPY_PHASE_STRIP = NO;
				DEBUG_INFORMATION_FORMAT = dwarf;
				ENABLE_STRICT_OBJC_MSGSEND = YES;
				ENABLE_TESTABILITY = YES;
				GCC_C_LANGUAGE_STANDARD = gnu11;
				GCC_DYNAMIC_NO_PIC = NO;
				GCC_NO_COMMON_BLOCKS = YES;
				GCC_OPTIMIZATION_LEVEL = 0;
				GCC_PREPROCESSOR_DEFINITIONS = (
					"DEBUG=1",
					"$(inherited)",
				);
				GCC_WARN_64_TO_32_BIT_CONVERSION = YES;
				GCC_WARN_ABOUT_RETURN_TYPE = YES_ERROR;
				GCC_WARN_UNDECLARED_SELECTOR = YES;
				GCC_WARN_UNINITIALIZED_AUTOS = YES_AGGRESSIVE;
				GCC_WARN_UNUSED_FUNCTION = YES;
				GCC_WARN_UNUSED_VARIABLE = YES;
				IPHONEOS_DEPLOYMENT_TARGET = 14.2;
				MTL_ENABLE_DEBUG_INFO = INCLUDE_SOURCE;
				MTL_FAST_MATH = YES;
				ONLY_ACTIVE_ARCH = YES;
				SDKROOT = iphoneos;
				SWIFT_ACTIVE_COMPILATION_CONDITIONS = DEBUG;
				SWIFT_OPTIMIZATION_LEVEL = "-Onone";
			};
			name = Debug;
		};
		8B64A14A256539E100B03442 /* Release */ = {
			isa = XCBuildConfiguration;
			buildSettings = {
				ALWAYS_SEARCH_USER_PATHS = NO;
				CLANG_ANALYZER_NONNULL = YES;
				CLANG_ANALYZER_NUMBER_OBJECT_CONVERSION = YES_AGGRESSIVE;
				CLANG_CXX_LANGUAGE_STANDARD = "gnu++14";
				CLANG_CXX_LIBRARY = "libc++";
				CLANG_ENABLE_MODULES = YES;
				CLANG_ENABLE_OBJC_ARC = YES;
				CLANG_ENABLE_OBJC_WEAK = YES;
				CLANG_WARN_BLOCK_CAPTURE_AUTORELEASING = YES;
				CLANG_WARN_BOOL_CONVERSION = YES;
				CLANG_WARN_COMMA = YES;
				CLANG_WARN_CONSTANT_CONVERSION = YES;
				CLANG_WARN_DEPRECATED_OBJC_IMPLEMENTATIONS = YES;
				CLANG_WARN_DIRECT_OBJC_ISA_USAGE = YES_ERROR;
				CLANG_WARN_DOCUMENTATION_COMMENTS = YES;
				CLANG_WARN_EMPTY_BODY = YES;
				CLANG_WARN_ENUM_CONVERSION = YES;
				CLANG_WARN_INFINITE_RECURSION = YES;
				CLANG_WARN_INT_CONVERSION = YES;
				CLANG_WARN_NON_LITERAL_NULL_CONVERSION = YES;
				CLANG_WARN_OBJC_IMPLICIT_RETAIN_SELF = YES;
				CLANG_WARN_OBJC_LITERAL_CONVERSION = YES;
				CLANG_WARN_OBJC_ROOT_CLASS = YES_ERROR;
				CLANG_WARN_QUOTED_INCLUDE_IN_FRAMEWORK_HEADER = YES;
				CLANG_WARN_RANGE_LOOP_ANALYSIS = YES;
				CLANG_WARN_STRICT_PROTOTYPES = YES;
				CLANG_WARN_SUSPICIOUS_MOVE = YES;
				CLANG_WARN_UNGUARDED_AVAILABILITY = YES_AGGRESSIVE;
				CLANG_WARN_UNREACHABLE_CODE = YES;
				CLANG_WARN__DUPLICATE_METHOD_MATCH = YES;
				COPY_PHASE_STRIP = NO;
				DEBUG_INFORMATION_FORMAT = "dwarf-with-dsym";
				ENABLE_NS_ASSERTIONS = NO;
				ENABLE_STRICT_OBJC_MSGSEND = YES;
				GCC_C_LANGUAGE_STANDARD = gnu11;
				GCC_NO_COMMON_BLOCKS = YES;
				GCC_WARN_64_TO_32_BIT_CONVERSION = YES;
				GCC_WARN_ABOUT_RETURN_TYPE = YES_ERROR;
				GCC_WARN_UNDECLARED_SELECTOR = YES;
				GCC_WARN_UNINITIALIZED_AUTOS = YES_AGGRESSIVE;
				GCC_WARN_UNUSED_FUNCTION = YES;
				GCC_WARN_UNUSED_VARIABLE = YES;
				IPHONEOS_DEPLOYMENT_TARGET = 14.2;
				MTL_ENABLE_DEBUG_INFO = NO;
				MTL_FAST_MATH = YES;
				SDKROOT = iphoneos;
				SWIFT_COMPILATION_MODE = wholemodule;
				SWIFT_OPTIMIZATION_LEVEL = "-O";
				VALIDATE_PRODUCT = YES;
			};
			name = Release;
		};
		8B64A14C256539E100B03442 /* Debug */ = {
			isa = XCBuildConfiguration;
			buildSettings = {
				ASSETCATALOG_COMPILER_APPICON_NAME = AppIcon;
				ASSETCATALOG_COMPILER_GLOBAL_ACCENT_COLOR_NAME = AccentColor;
				CODE_SIGN_STYLE = Automatic;
				DEVELOPMENT_TEAM = 7LXKUHJHQV;
				FRAMEWORK_SEARCH_PATHS = (
					"$(inherited)",
					"$(PROJECT_DIR)/Carthage/Build/iOS",
				);
				INFOPLIST_FILE = FacebookExplorer/Info.plist;
				IPHONEOS_DEPLOYMENT_TARGET = 14.2;
				LD_RUNPATH_SEARCH_PATHS = (
					"$(inherited)",
					"@executable_path/Frameworks",
				);
				PRODUCT_BUNDLE_IDENTIFIER = com.ahsan.FacebookExplorer;
				PRODUCT_NAME = "$(TARGET_NAME)";
				SWIFT_VERSION = 5.0;
				TARGETED_DEVICE_FAMILY = "1,2";
			};
			name = Debug;
		};
		8B64A14D256539E100B03442 /* Release */ = {
			isa = XCBuildConfiguration;
			buildSettings = {
				ASSETCATALOG_COMPILER_APPICON_NAME = AppIcon;
				ASSETCATALOG_COMPILER_GLOBAL_ACCENT_COLOR_NAME = AccentColor;
				CODE_SIGN_STYLE = Automatic;
				DEVELOPMENT_TEAM = 7LXKUHJHQV;
				FRAMEWORK_SEARCH_PATHS = (
					"$(inherited)",
					"$(PROJECT_DIR)/Carthage/Build/iOS",
				);
				INFOPLIST_FILE = FacebookExplorer/Info.plist;
				IPHONEOS_DEPLOYMENT_TARGET = 14.2;
				LD_RUNPATH_SEARCH_PATHS = (
					"$(inherited)",
					"@executable_path/Frameworks",
				);
				PRODUCT_BUNDLE_IDENTIFIER = com.ahsan.FacebookExplorer;
				PRODUCT_NAME = "$(TARGET_NAME)";
				SWIFT_VERSION = 5.0;
				TARGETED_DEVICE_FAMILY = "1,2";
			};
			name = Release;
		};
/* End XCBuildConfiguration section */

/* Begin XCConfigurationList section */
		8B64A132256539E000B03442 /* Build configuration list for PBXProject "FacebookExplorer" */ = {
			isa = XCConfigurationList;
			buildConfigurations = (
				8B64A149256539E100B03442 /* Debug */,
				8B64A14A256539E100B03442 /* Release */,
			);
			defaultConfigurationIsVisible = 0;
			defaultConfigurationName = Release;
		};
		8B64A14B256539E100B03442 /* Build configuration list for PBXNativeTarget "FacebookExplorer" */ = {
			isa = XCConfigurationList;
			buildConfigurations = (
				8B64A14C256539E100B03442 /* Debug */,
				8B64A14D256539E100B03442 /* Release */,
			);
			defaultConfigurationIsVisible = 0;
			defaultConfigurationName = Release;
		};
/* End XCConfigurationList section */
	};
	rootObject = 8B64A12F256539E000B03442 /* Project object */;
}
